{
    "_readme": [
        "This file locks the dependencies of your project to a known state",
        "Read more about it at https://getcomposer.org/doc/01-basic-usage.md#composer-lock-the-lock-file",
        "This file is @generated automatically"
    ],
    "content-hash": "d2146bbf124588fd9230de62feda2c37",
    "packages": [
        {
            "name": "gap/db",
            "version": "v1.0.1",
            "source": {
                "type": "git",
                "url": "https://github.com/gaptree/gap-php-db.git",
                "reference": "6ab93d4da0bf55ba3fcb3997e610381b70d77259"
            },
            "dist": {
                "type": "zip",
                "url": "https://files.phpcomposer.com/files/gaptree/gap-php-db/6ab93d4da0bf55ba3fcb3997e610381b70d77259.zip",
                "reference": "6ab93d4da0bf55ba3fcb3997e610381b70d77259",
                "shasum": ""
            },
            "require": {
                "gap/dto": "^1.0",
                "php": ">=7.1.0"
            },
            "require-dev": {
                "phpmd/phpmd": "^2.6",
                "phpstan/phpstan": "^0.9.2",
                "phpunit/phpunit": "^7.0",
                "squizlabs/php_codesniffer": "^3.2"
            },
            "type": "library",
            "autoload": {
                "psr-4": {
                    "Gap\\Db\\": "src"
                }
            },
            "notification-url": "https://packagist.org/downloads/",
            "authors": [
                {
                    "name": "zhanjh",
                    "email": "zhanjh@126.com"
                }
            ],
            "description": "Gap Database",
            "homepage": "https://github.com/gaptree/gap-php-db",
            "keywords": [
                "gap"
            ],
            "time": "2018-03-10T15:25:21+00:00"
        },
        {
            "name": "gap/dto",
            "version": "v1.0.3",
            "source": {
                "type": "git",
                "url": "https://project.tecposter.cn/diffusion/75/gap-php-dto.git",
                "reference": "8024f1d8274cdf38ec2d49243ddd0ad00c7a8a8a"
            },
            "require": {
                "php": ">=7.1.0"
            },
            "type": "library",
            "autoload": {
                "psr-4": {
                    "Gap\\Dto\\": "src"
                }
            },
            "notification-url": "https://packagist.org/downloads/",
            "license": [
                "MIT"
            ],
            "authors": [
                {
                    "name": "zhanjh",
                    "email": "zhanjh@126.com"
                }
            ],
            "description": "Gap Dto",
            "homepage": "https://project.tecposter.cn/diffusion/75/",
            "keywords": [
                "dto",
                "gap"
            ],
            "time": "2018-02-24T08:30:18+00:00"
        }
    ],
    "packages-dev": [],
    "aliases": [],
    "minimum-stability": "stable",
    "stability-flags": [],
    "prefer-stable": false,
    "prefer-lowest": false,
    "platform": {
        "php": ">=7.1.0"
    },
    "platform-dev": []
}
